# This file is automatically @generated by Cargo.
# It is not intended for manual editing.
[[package]]
name = "advent_of_code"
version = "0.1.0"
dependencies = [
 "load_file 1.0.0 (registry+https://github.com/rust-lang/crates.io-index)",
]

[[package]]
name = "load_file"
version = "1.0.0"
source = "registry+https://github.com/rust-lang/crates.io-index"

[metadata]
"checksum load_file 1.0.0 (registry+https://github.com/rust-lang/crates.io-index)" = "b97fec641b3fbd45503196bcf991bb5720a0e4ef259549e74693d008151640cc"
